// !$*UTF8*$!
{
	archiveVersion = 1;
	classes = {
	};
	objectVersion = 53;
	objects = {

/* Begin PBXBuildFile section */
		1FC45BDA24DA032500D2823E /* Other.swift in Sources */ = {isa = PBXBuildFile; fileRef = 1FC45BD924DA032500D2823E /* Other.swift */; };
		2F677903248A04A40085B68A /* AppIntentVocabulary.plist in Resources */ = {isa = PBXBuildFile; fileRef = 2F677902248A04A40085B68A /* AppIntentVocabulary.plist */; };
		9AE70342227BEE7700E78D38 /* AppDelegate.swift in Sources */ = {isa = PBXBuildFile; fileRef = 9AE70341227BEE7700E78D38 /* AppDelegate.swift */; };
		9AE70344227BEE7700E78D38 /* ViewController.swift in Sources */ = {isa = PBXBuildFile; fileRef = 9AE70343227BEE7700E78D38 /* ViewController.swift */; };
		9AE70349227BEE7800E78D38 /* Assets.xcassets in Resources */ = {isa = PBXBuildFile; fileRef = 9AE70348227BEE7800E78D38 /* Assets.xcassets */; };
		FC1B746D2A793F10004DCC6D /* PlayerModel.swift in Sources */ = {isa = PBXBuildFile; fileRef = FC1B746C2A793F10004DCC6D /* PlayerModel.swift */; };
		FC1B74722A794B1E004DCC6D /* sample.mp3 in Resources */ = {isa = PBXBuildFile; fileRef = FC1B74712A794B1E004DCC6D /* sample.mp3 */; };
		FCD6304F2A68358E009DA0E0 /* ThankYou.mp3 in Resources */ = {isa = PBXBuildFile; fileRef = FCD6304E2A68358E009DA0E0 /* ThankYou.mp3 */; };
		FCD630522A6838E5009DA0E0 /* PlayAppIntent.swift in Sources */ = {isa = PBXBuildFile; fileRef = FCD630512A6838E5009DA0E0 /* PlayAppIntent.swift */; };
/* End PBXBuildFile section */

/* Begin PBXCopyFilesBuildPhase section */
		9AE70366227BEED000E78D38 /* Embed Foundation Extensions */ = {
			isa = PBXCopyFilesBuildPhase;
			buildActionMask = 2147483647;
			dstPath = "";
			dstSubfolderSpec = 13;
			files = (
			);
			name = "Embed Foundation Extensions";
			runOnlyForDeploymentPostprocessing = 0;
		};
/* End PBXCopyFilesBuildPhase section */

/* Begin PBXFileReference section */
		1FC45BD924DA032500D2823E /* Other.swift */ = {isa = PBXFileReference; fileEncoding = 4; lastKnownFileType = sourcecode.swift; path = Other.swift; sourceTree = "<group>"; };
		2F677902248A04A40085B68A /* AppIntentVocabulary.plist */ = {isa = PBXFileReference; fileEncoding = 4; lastKnownFileType = text.plist.xml; path = AppIntentVocabulary.plist; sourceTree = "<group>"; };
		9A1E64C62465F1AA00631782 /* IntentsUI.framework */ = {isa = PBXFileReference; lastKnownFileType = wrapper.framework; name = IntentsUI.framework; path = System/Library/Frameworks/IntentsUI.framework; sourceTree = SDKROOT; };
		9A1E64C72465F1AA00631782 /* Intents.framework */ = {isa = PBXFileReference; lastKnownFileType = wrapper.framework; name = Intents.framework; path = System/Library/Frameworks/Intents.framework; sourceTree = SDKROOT; };
		9AE7033E227BEE7700E78D38 /* ControlAudio.app */ = {isa = PBXFileReference; explicitFileType = wrapper.application; includeInIndex = 0; path = ControlAudio.app; sourceTree = BUILT_PRODUCTS_DIR; };
		9AE70341227BEE7700E78D38 /* AppDelegate.swift */ = {isa = PBXFileReference; lastKnownFileType = sourcecode.swift; path = AppDelegate.swift; sourceTree = "<group>"; };
		9AE70343227BEE7700E78D38 /* ViewController.swift */ = {isa = PBXFileReference; lastKnownFileType = sourcecode.swift; path = ViewController.swift; sourceTree = "<group>"; };
		9AE70348227BEE7800E78D38 /* Assets.xcassets */ = {isa = PBXFileReference; lastKnownFileType = folder.assetcatalog; path = Assets.xcassets; sourceTree = "<group>"; };
		9AE7034D227BEE7800E78D38 /* Info.plist */ = {isa = PBXFileReference; lastKnownFileType = text.plist.xml; path = Info.plist; sourceTree = "<group>"; };
		9AE70368227BEF0F00E78D38 /* ControlAudio.entitlements */ = {isa = PBXFileReference; explicitFileType = text.plist.entitlements; path = ControlAudio.entitlements; sourceTree = "<group>"; };
		FC1B746C2A793F10004DCC6D /* PlayerModel.swift */ = {isa = PBXFileReference; lastKnownFileType = sourcecode.swift; path = PlayerModel.swift; sourceTree = "<group>"; };
		FC1B74712A794B1E004DCC6D /* sample.mp3 */ = {isa = PBXFileReference; lastKnownFileType = audio.mp3; path = sample.mp3; sourceTree = "<group>"; };
		FCD6304E2A68358E009DA0E0 /* ThankYou.mp3 */ = {isa = PBXFileReference; lastKnownFileType = audio.mp3; path = ThankYou.mp3; sourceTree = "<group>"; };
		FCD630512A6838E5009DA0E0 /* PlayAppIntent.swift */ = {isa = PBXFileReference; fileEncoding = 4; lastKnownFileType = sourcecode.swift; path = PlayAppIntent.swift; sourceTree = "<group>"; };
/* End PBXFileReference section */

/* Begin PBXFrameworksBuildPhase section */
		9AE7033B227BEE7700E78D38 /* Frameworks */ = {
			isa = PBXFrameworksBuildPhase;
			buildActionMask = 2147483647;
			files = (
			);
			runOnlyForDeploymentPostprocessing = 0;
		};
/* End PBXFrameworksBuildPhase section */

/* Begin PBXGroup section */
		9A1E64C52465F1AA00631782 /* Frameworks */ = {
			isa = PBXGroup;
			children = (
				9A1E64C72465F1AA00631782 /* Intents.framework */,
				9A1E64C62465F1AA00631782 /* IntentsUI.framework */,
			);
			name = Frameworks;
			sourceTree = "<group>";
		};
		9AE70335227BEE7700E78D38 = {
			isa = PBXGroup;
			children = (
				9AE70340227BEE7700E78D38 /* ControlAudio */,
				9AE7033F227BEE7700E78D38 /* Products */,
				9A1E64C52465F1AA00631782 /* Frameworks */,
			);
			sourceTree = "<group>";
		};
		9AE7033F227BEE7700E78D38 /* Products */ = {
			isa = PBXGroup;
			children = (
				9AE7033E227BEE7700E78D38 /* ControlAudio.app */,
			);
			name = Products;
			sourceTree = "<group>";
		};
		9AE70340227BEE7700E78D38 /* ControlAudio */ = {
			isa = PBXGroup;
			children = (
				FCD6304E2A68358E009DA0E0 /* ThankYou.mp3 */,
				FC1B74712A794B1E004DCC6D /* sample.mp3 */,
				2F677902248A04A40085B68A /* AppIntentVocabulary.plist */,
				9AE70368227BEF0F00E78D38 /* ControlAudio.entitlements */,
				9AE70341227BEE7700E78D38 /* AppDelegate.swift */,
				1FC45BD924DA032500D2823E /* Other.swift */,
				9AE70343227BEE7700E78D38 /* ViewController.swift */,
				FCD630512A6838E5009DA0E0 /* PlayAppIntent.swift */,
				FC1B746C2A793F10004DCC6D /* PlayerModel.swift */,
				9AE70348227BEE7800E78D38 /* Assets.xcassets */,
				9AE7034D227BEE7800E78D38 /* Info.plist */,
			);
			path = ControlAudio;
			sourceTree = "<group>";
		};
/* End PBXGroup section */

/* Begin PBXNativeTarget section */
		9AE7033D227BEE7700E78D38 /* ControlAudio */ = {
			isa = PBXNativeTarget;
			buildConfigurationList = 9AE70350227BEE7800E78D38 /* Build configuration list for PBXNativeTarget "ControlAudio" */;
			buildPhases = (
				9AE7033A227BEE7700E78D38 /* Sources */,
				9AE7033B227BEE7700E78D38 /* Frameworks */,
				9AE7033C227BEE7700E78D38 /* Resources */,
				9AE70366227BEED000E78D38 /* Embed Foundation Extensions */,
			);
			buildRules = (
			);
			dependencies = (
			);
			name = ControlAudio;
			productName = ControlAudio;
			productReference = 9AE7033E227BEE7700E78D38 /* ControlAudio.app */;
			productType = "com.apple.product-type.application";
		};
/* End PBXNativeTarget section */

/* Begin PBXProject section */
		9AE70336227BEE7700E78D38 /* Project object */ = {
			isa = PBXProject;
			attributes = {
				BuildIndependentTargetsInParallel = YES;
				LastSwiftUpdateCheck = 1100;
				LastUpgradeCheck = 1430;
				ORGANIZATIONNAME = Apple;
				TargetAttributes = {
					9AE7033D227BEE7700E78D38 = {
						CreatedOnToolsVersion = 11.0;
					};
				};
			};
			buildConfigurationList = 9AE70339227BEE7700E78D38 /* Build configuration list for PBXProject "ControlAudio" */;
			compatibilityVersion = "Xcode 9.3";
			developmentRegion = en;
			hasScannedForEncodings = 0;
			knownRegions = (
				en,
				Base,
			);
			mainGroup = 9AE70335227BEE7700E78D38;
			productRefGroup = 9AE7033F227BEE7700E78D38 /* Products */;
			projectDirPath = "";
			projectRoot = "";
			targets = (
				9AE7033D227BEE7700E78D38 /* ControlAudio */,
			);
		};
/* End PBXProject section */

/* Begin PBXResourcesBuildPhase section */
		9AE7033C227BEE7700E78D38 /* Resources */ = {
			isa = PBXResourcesBuildPhase;
			buildActionMask = 2147483647;
			files = (
				FC1B74722A794B1E004DCC6D /* sample.mp3 in Resources */,
				FCD6304F2A68358E009DA0E0 /* ThankYou.mp3 in Resources */,
				2F677903248A04A40085B68A /* AppIntentVocabulary.plist in Resources */,
				9AE70349227BEE7800E78D38 /* Assets.xcassets in Resources */,
			);
			runOnlyForDeploymentPostprocessing = 0;
		};
/* End PBXResourcesBuildPhase section */

/* Begin PBXSourcesBuildPhase section */
		9AE7033A227BEE7700E78D38 /* Sources */ = {
			isa = PBXSourcesBuildPhase;
			buildActionMask = 2147483647;
			files = (
				9AE70344227BEE7700E78D38 /* ViewController.swift in Sources */,
				9AE70342227BEE7700E78D38 /* AppDelegate.swift in Sources */,
				1FC45BDA24DA032500D2823E /* Other.swift in Sources */,
				FC1B746D2A793F10004DCC6D /* PlayerModel.swift in Sources */,
				FCD630522A6838E5009DA0E0 /* PlayAppIntent.swift in Sources */,
			);
			runOnlyForDeploymentPostprocessing = 0;
		};
/* End PBXSourcesBuildPhase section */

/* Begin XCBuildConfiguration section */
		9AE7034E227BEE7800E78D38 /* Debug */ = {
			isa = XCBuildConfiguration;
			buildSettings = {
				ALWAYS_SEARCH_USER_PATHS = NO;
				CLANG_ANALYZER_NONNULL = YES;
				CLANG_ANALYZER_NUMBER_OBJECT_CONVERSION = YES_AGGRESSIVE;
				CLANG_CXX_LANGUAGE_STANDARD = "gnu++14";
				CLANG_CXX_LIBRARY = "libc++";
				CLANG_ENABLE_MODULES = YES;
				CLANG_ENABLE_OBJC_ARC = YES;
				CLANG_ENABLE_OBJC_WEAK = YES;
				CLANG_WARN_BLOCK_CAPTURE_AUTORELEASING = YES;
				CLANG_WARN_BOOL_CONVERSION = YES;
				CLANG_WARN_COMMA = YES;
				CLANG_WARN_CONSTANT_CONVERSION = YES;
				CLANG_WARN_DEPRECATED_OBJC_IMPLEMENTATIONS = YES;
				CLANG_WARN_DIRECT_OBJC_ISA_USAGE = YES_ERROR;
				CLANG_WARN_DOCUMENTATION_COMMENTS = YES;
				CLANG_WARN_EMPTY_BODY = YES;
				CLANG_WARN_ENUM_CONVERSION = YES;
				CLANG_WARN_INFINITE_RECURSION = YES;
				CLANG_WARN_INT_CONVERSION = YES;
				CLANG_WARN_NON_LITERAL_NULL_CONVERSION = YES;
				CLANG_WARN_OBJC_IMPLICIT_RETAIN_SELF = YES;
				CLANG_WARN_OBJC_LITERAL_CONVERSION = YES;
				CLANG_WARN_OBJC_ROOT_CLASS = YES_ERROR;
				CLANG_WARN_QUOTED_INCLUDE_IN_FRAMEWORK_HEADER = YES;
				CLANG_WARN_RANGE_LOOP_ANALYSIS = YES;
				CLANG_WARN_STRICT_PROTOTYPES = YES;
				CLANG_WARN_SUSPICIOUS_MOVE = YES;
				CLANG_WARN_UNGUARDED_AVAILABILITY = YES_AGGRESSIVE;
				CLANG_WARN_UNREACHABLE_CODE = YES;
				CLANG_WARN__DUPLICATE_METHOD_MATCH = YES;
				COPY_PHASE_STRIP = NO;
				DEBUG_INFORMATION_FORMAT = dwarf;
				ENABLE_STRICT_OBJC_MSGSEND = YES;
				ENABLE_TESTABILITY = YES;
				GCC_C_LANGUAGE_STANDARD = gnu11;
				GCC_DYNAMIC_NO_PIC = NO;
				GCC_NO_COMMON_BLOCKS = YES;
				GCC_OPTIMIZATION_LEVEL = 0;
				GCC_PREPROCESSOR_DEFINITIONS = (
					"DEBUG=1",
					"$(inherited)",
				);
				GCC_WARN_64_TO_32_BIT_CONVERSION = YES;
				GCC_WARN_ABOUT_RETURN_TYPE = YES_ERROR;
				GCC_WARN_UNDECLARED_SELECTOR = YES;
				GCC_WARN_UNINITIALIZED_AUTOS = YES_AGGRESSIVE;
				GCC_WARN_UNUSED_FUNCTION = YES;
				GCC_WARN_UNUSED_VARIABLE = YES;
				IPHONEOS_DEPLOYMENT_TARGET = 16.0;
				MTL_ENABLE_DEBUG_INFO = INCLUDE_SOURCE;
				MTL_FAST_MATH = YES;
				ONLY_ACTIVE_ARCH = YES;
				SDKROOT = iphoneos;
				SWIFT_ACTIVE_COMPILATION_CONDITIONS = DEBUG;
				SWIFT_OPTIMIZATION_LEVEL = "-Onone";
			};
			name = Debug;
		};
		9AE7034F227BEE7800E78D38 /* Release */ = {
			isa = XCBuildConfiguration;
			buildSettings = {
				ALWAYS_SEARCH_USER_PATHS = NO;
				CLANG_ANALYZER_NONNULL = YES;
				CLANG_ANALYZER_NUMBER_OBJECT_CONVERSION = YES_AGGRESSIVE;
				CLANG_CXX_LANGUAGE_STANDARD = "gnu++14";
				CLANG_CXX_LIBRARY = "libc++";
				CLANG_ENABLE_MODULES = YES;
				CLANG_ENABLE_OBJC_ARC = YES;
				CLANG_ENABLE_OBJC_WEAK = YES;
				CLANG_WARN_BLOCK_CAPTURE_AUTORELEASING = YES;
				CLANG_WARN_BOOL_CONVERSION = YES;
				CLANG_WARN_COMMA = YES;
				CLANG_WARN_CONSTANT_CONVERSION = YES;
				CLANG_WARN_DEPRECATED_OBJC_IMPLEMENTATIONS = YES;
				CLANG_WARN_DIRECT_OBJC_ISA_USAGE = YES_ERROR;
				CLANG_WARN_DOCUMENTATION_COMMENTS = YES;
				CLANG_WARN_EMPTY_BODY = YES;
				CLANG_WARN_ENUM_CONVERSION = YES;
				CLANG_WARN_INFINITE_RECURSION = YES;
				CLANG_WARN_INT_CONVERSION = YES;
				CLANG_WARN_NON_LITERAL_NULL_CONVERSION = YES;
				CLANG_WARN_OBJC_IMPLICIT_RETAIN_SELF = YES;
				CLANG_WARN_OBJC_LITERAL_CONVERSION = YES;
				CLANG_WARN_OBJC_ROOT_CLASS = YES_ERROR;
				CLANG_WARN_QUOTED_INCLUDE_IN_FRAMEWORK_HEADER = YES;
				CLANG_WARN_RANGE_LOOP_ANALYSIS = YES;
				CLANG_WARN_STRICT_PROTOTYPES = YES;
				CLANG_WARN_SUSPICIOUS_MOVE = YES;
				CLANG_WARN_UNGUARDED_AVAILABILITY = YES_AGGRESSIVE;
				CLANG_WARN_UNREACHABLE_CODE = YES;
				CLANG_WARN__DUPLICATE_METHOD_MATCH = YES;
				COPY_PHASE_STRIP = NO;
				DEBUG_INFORMATION_FORMAT = "dwarf-with-dsym";
				ENABLE_NS_ASSERTIONS = NO;
				ENABLE_STRICT_OBJC_MSGSEND = YES;
				GCC_C_LANGUAGE_STANDARD = gnu11;
				GCC_NO_COMMON_BLOCKS = YES;
				GCC_WARN_64_TO_32_BIT_CONVERSION = YES;
				GCC_WARN_ABOUT_RETURN_TYPE = YES_ERROR;
				GCC_WARN_UNDECLARED_SELECTOR = YES;
				GCC_WARN_UNINITIALIZED_AUTOS = YES_AGGRESSIVE;
				GCC_WARN_UNUSED_FUNCTION = YES;
				GCC_WARN_UNUSED_VARIABLE = YES;
				IPHONEOS_DEPLOYMENT_TARGET = 16.0;
				MTL_ENABLE_DEBUG_INFO = NO;
				MTL_FAST_MATH = YES;
				SDKROOT = iphoneos;
				SWIFT_COMPILATION_MODE = wholemodule;
				SWIFT_OPTIMIZATION_LEVEL = "-O";
				VALIDATE_PRODUCT = YES;
			};
			name = Release;
		};
		9AE70351227BEE7800E78D38 /* Debug */ = {
			isa = XCBuildConfiguration;
			buildSettings = {
				ALWAYS_EMBED_SWIFT_STANDARD_LIBRARIES = YES;
				ASSETCATALOG_COMPILER_APPICON_NAME = AppIcon;
				CODE_SIGN_ENTITLEMENTS = ControlAudio/ControlAudio.entitlements;
				CODE_SIGN_IDENTITY = "iPhone Developer";
				CODE_SIGN_STYLE = Automatic;
				CURRENT_PROJECT_VERSION = 1;
				DEVELOPMENT_TEAM = KTK253RKCQ;
				INFOPLIST_FILE = ControlAudio/Info.plist;
				IPHONEOS_DEPLOYMENT_TARGET = 16.0;
				LD_RUNPATH_SEARCH_PATHS = (
					"$(inherited)",
					"@executable_path/Frameworks",
				);
				MARKETING_VERSION = 1.0;
				PRODUCT_BUNDLE_IDENTIFIER = com.nhjnbhn;
				PRODUCT_NAME = "$(TARGET_NAME)";
				PROVISIONING_PROFILE_SPECIFIER = "";
				SWIFT_VERSION = 5.0;
				TARGETED_DEVICE_FAMILY = "1,2";
			};
			name = Debug;
		};
		9AE70352227BEE7800E78D38 /* Release */ = {
			isa = XCBuildConfiguration;
			buildSettings = {
				ALWAYS_EMBED_SWIFT_STANDARD_LIBRARIES = YES;
				ASSETCATALOG_COMPILER_APPICON_NAME = AppIcon;
				CODE_SIGN_ENTITLEMENTS = ControlAudio/ControlAudio.entitlements;
				CODE_SIGN_IDENTITY = "iPhone Developer";
				CODE_SIGN_STYLE = Automatic;
				CURRENT_PROJECT_VERSION = 1;
				DEVELOPMENT_TEAM = KTK253RKCQ;
				INFOPLIST_FILE = ControlAudio/Info.plist;
				IPHONEOS_DEPLOYMENT_TARGET = 16.0;
				LD_RUNPATH_SEARCH_PATHS = (
					"$(inherited)",
					"@executable_path/Frameworks",
				);
				MARKETING_VERSION = 1.0;
				PRODUCT_BUNDLE_IDENTIFIER = com.nhjnbhn;
				PRODUCT_NAME = "$(TARGET_NAME)";
				PROVISIONING_PROFILE_SPECIFIER = "";
				SWIFT_VERSION = 5.0;
				TARGETED_DEVICE_FAMILY = "1,2";
			};
			name = Release;
		};
/* End XCBuildConfiguration section */

/* Begin XCConfigurationList section */
		9AE70339227BEE7700E78D38 /* Build configuration list for PBXProject "ControlAudio" */ = {
			isa = XCConfigurationList;
			buildConfigurations = (
				9AE7034E227BEE7800E78D38 /* Debug */,
				9AE7034F227BEE7800E78D38 /* Release */,
			);
			defaultConfigurationIsVisible = 0;
			defaultConfigurationName = Release;
		};
		9AE70350227BEE7800E78D38 /* Build configuration list for PBXNativeTarget "ControlAudio" */ = {
			isa = XCConfigurationList;
			buildConfigurations = (
				9AE70351227BEE7800E78D38 /* Debug */,
				9AE70352227BEE7800E78D38 /* Release */,
			);
			defaultConfigurationIsVisible = 0;
			defaultConfigurationName = Release;
		};
/* End XCConfigurationList section */
	};
	rootObject = 9AE70336227BEE7700E78D38 /* Project object */;
}
